// !$*UTF8*$!
{
	archiveVersion = 1;
	classes = {
	};
	objectVersion = 50;
	objects = {

/* Begin PBXBuildFile section */
		422B6B24240870320099D6EF /* EventViewController.swift in Sources */ = {isa = PBXBuildFile; fileRef = 422B6B23240870320099D6EF /* EventViewController.swift */; };
		422D239523FB0E79007339C9 /* AppDelegate.swift in Sources */ = {isa = PBXBuildFile; fileRef = 422D239423FB0E79007339C9 /* AppDelegate.swift */; };
		422D239723FB0E79007339C9 /* SceneDelegate.swift in Sources */ = {isa = PBXBuildFile; fileRef = 422D239623FB0E79007339C9 /* SceneDelegate.swift */; };
		422D239923FB0E79007339C9 /* ViewController.swift in Sources */ = {isa = PBXBuildFile; fileRef = 422D239823FB0E79007339C9 /* ViewController.swift */; };
		422D239C23FB0E79007339C9 /* Main.storyboard in Resources */ = {isa = PBXBuildFile; fileRef = 422D239A23FB0E79007339C9 /* Main.storyboard */; };
		422D239F23FB0E79007339C9 /* ATASafety.xcdatamodeld in Sources */ = {isa = PBXBuildFile; fileRef = 422D239D23FB0E79007339C9 /* ATASafety.xcdatamodeld */; };
		422D23A123FB0E7A007339C9 /* Assets.xcassets in Resources */ = {isa = PBXBuildFile; fileRef = 422D23A023FB0E7A007339C9 /* Assets.xcassets */; };
		422D23A423FB0E7A007339C9 /* LaunchScreen.storyboard in Resources */ = {isa = PBXBuildFile; fileRef = 422D23A223FB0E7A007339C9 /* LaunchScreen.storyboard */; };
		422D23AC23FB4B14007339C9 /* ChecklistTableViewController.swift in Sources */ = {isa = PBXBuildFile; fileRef = 422D23AB23FB4B14007339C9 /* ChecklistTableViewController.swift */; };
		4240F0D0240DA6B70019C781 /* GoogleService-Info.plist in Resources */ = {isa = PBXBuildFile; fileRef = 4240F0CF240DA6B70019C781 /* GoogleService-Info.plist */; };
		4260A7722406CB600078472A /* AboutPageViewController.swift in Sources */ = {isa = PBXBuildFile; fileRef = 4260A7712406CB600078472A /* AboutPageViewController.swift */; };
		4260CD11240C671E0095CDE4 /* SlackConnect.swift in Sources */ = {isa = PBXBuildFile; fileRef = 4260CD10240C671E0095CDE4 /* SlackConnect.swift */; };
		426653D523FC944E00CA6522 /* checklist.swift in Sources */ = {isa = PBXBuildFile; fileRef = 426653D423FC944E00CA6522 /* checklist.swift */; };
		426653D723FC981D00CA6522 /* ChecklistSubmitViewController.swift in Sources */ = {isa = PBXBuildFile; fileRef = 426653D623FC981D00CA6522 /* ChecklistSubmitViewController.swift */; };
		426D4A76240460FD009DABB4 /* KeysSettings.swift in Sources */ = {isa = PBXBuildFile; fileRef = 426D4A75240460FD009DABB4 /* KeysSettings.swift */; };
		426D4A8224046CFC009DABB4 /* EventTableViewController.swift in Sources */ = {isa = PBXBuildFile; fileRef = 426D4A8124046CFC009DABB4 /* EventTableViewController.swift */; };
		427FEB4D23FB5AB900531D90 /* SafetyChecklistFile.swift in Sources */ = {isa = PBXBuildFile; fileRef = 427FEB4C23FB5AB900531D90 /* SafetyChecklistFile.swift */; };
		42B2DFFA23FDD0CC0021CBD8 /* ChecklistTableViewCell.swift in Sources */ = {isa = PBXBuildFile; fileRef = 42B2DFF923FDD0CC0021CBD8 /* ChecklistTableViewCell.swift */; };
		42B2DFFC23FE1BAB0021CBD8 /* ChecklistReportValues.swift in Sources */ = {isa = PBXBuildFile; fileRef = 42B2DFFB23FE1BAB0021CBD8 /* ChecklistReportValues.swift */; };
		42B2E00123FE4F1C0021CBD8 /* UserInfoSettingsViewController.swift in Sources */ = {isa = PBXBuildFile; fileRef = 42B2E00023FE4F1C0021CBD8 /* UserInfoSettingsViewController.swift */; };
		42E1EDE72405037F00A5E3EC /* Event.swift in Sources */ = {isa = PBXBuildFile; fileRef = 42E1EDE62405037F00A5E3EC /* Event.swift */; };
		42E5937B240B4DB100A796DB /* CurrentEvents.swift in Sources */ = {isa = PBXBuildFile; fileRef = 42E5937A240B4DB100A796DB /* CurrentEvents.swift */; };
		42E5937D240B91D400A796DB /* LocalNotificationManager.swift in Sources */ = {isa = PBXBuildFile; fileRef = 42E5937C240B91D400A796DB /* LocalNotificationManager.swift */; };
		42FD8AF223FEED3D004DF553 /* AccountSettingsViewController.swift in Sources */ = {isa = PBXBuildFile; fileRef = 42FD8AF123FEED3D004DF553 /* AccountSettingsViewController.swift */; };
		EB57CA653B859CFA13EF17F7 /* libPods-ATASafety.a in Frameworks */ = {isa = PBXBuildFile; fileRef = A1D182DD0638F35236E83DB0 /* libPods-ATASafety.a */; };
/* End PBXBuildFile section */

/* Begin PBXFileReference section */
		075A57A53C9FDC48DF088EA0 /* Pods-ATASafety.release.xcconfig */ = {isa = PBXFileReference; includeInIndex = 1; lastKnownFileType = text.xcconfig; name = "Pods-ATASafety.release.xcconfig"; path = "Target Support Files/Pods-ATASafety/Pods-ATASafety.release.xcconfig"; sourceTree = "<group>"; };
		422B6B23240870320099D6EF /* EventViewController.swift */ = {isa = PBXFileReference; lastKnownFileType = sourcecode.swift; path = EventViewController.swift; sourceTree = "<group>"; };
		422D239123FB0E79007339C9 /* ATASafety.app */ = {isa = PBXFileReference; explicitFileType = wrapper.application; includeInIndex = 0; path = ATASafety.app; sourceTree = BUILT_PRODUCTS_DIR; };
		422D239423FB0E79007339C9 /* AppDelegate.swift */ = {isa = PBXFileReference; lastKnownFileType = sourcecode.swift; path = AppDelegate.swift; sourceTree = "<group>"; };
		422D239623FB0E79007339C9 /* SceneDelegate.swift */ = {isa = PBXFileReference; lastKnownFileType = sourcecode.swift; path = SceneDelegate.swift; sourceTree = "<group>"; };
		422D239823FB0E79007339C9 /* ViewController.swift */ = {isa = PBXFileReference; lastKnownFileType = sourcecode.swift; path = ViewController.swift; sourceTree = "<group>"; };
		422D239B23FB0E79007339C9 /* Base */ = {isa = PBXFileReference; lastKnownFileType = file.storyboard; name = Base; path = Base.lproj/Main.storyboard; sourceTree = "<group>"; };
		422D239E23FB0E79007339C9 /* ATASafety.xcdatamodel */ = {isa = PBXFileReference; lastKnownFileType = wrapper.xcdatamodel; path = ATASafety.xcdatamodel; sourceTree = "<group>"; };
		422D23A023FB0E7A007339C9 /* Assets.xcassets */ = {isa = PBXFileReference; lastKnownFileType = folder.assetcatalog; path = Assets.xcassets; sourceTree = "<group>"; };
		422D23A323FB0E7A007339C9 /* Base */ = {isa = PBXFileReference; lastKnownFileType = file.storyboard; name = Base; path = Base.lproj/LaunchScreen.storyboard; sourceTree = "<group>"; };
		422D23A523FB0E7A007339C9 /* Info.plist */ = {isa = PBXFileReference; lastKnownFileType = text.plist.xml; path = Info.plist; sourceTree = "<group>"; };
		422D23AB23FB4B14007339C9 /* ChecklistTableViewController.swift */ = {isa = PBXFileReference; lastKnownFileType = sourcecode.swift; path = ChecklistTableViewController.swift; sourceTree = "<group>"; };
		4240F0CF240DA6B70019C781 /* GoogleService-Info.plist */ = {isa = PBXFileReference; fileEncoding = 4; lastKnownFileType = text.plist.xml; path = "GoogleService-Info.plist"; sourceTree = "<group>"; };
		4260A7712406CB600078472A /* AboutPageViewController.swift */ = {isa = PBXFileReference; lastKnownFileType = sourcecode.swift; path = AboutPageViewController.swift; sourceTree = "<group>"; };
		4260CD10240C671E0095CDE4 /* SlackConnect.swift */ = {isa = PBXFileReference; lastKnownFileType = sourcecode.swift; path = SlackConnect.swift; sourceTree = "<group>"; };
		426653D423FC944E00CA6522 /* checklist.swift */ = {isa = PBXFileReference; lastKnownFileType = sourcecode.swift; path = checklist.swift; sourceTree = "<group>"; };
		426653D623FC981D00CA6522 /* ChecklistSubmitViewController.swift */ = {isa = PBXFileReference; lastKnownFileType = sourcecode.swift; path = ChecklistSubmitViewController.swift; sourceTree = "<group>"; };
		426D4A75240460FD009DABB4 /* KeysSettings.swift */ = {isa = PBXFileReference; lastKnownFileType = sourcecode.swift; path = KeysSettings.swift; sourceTree = "<group>"; };
		426D4A8124046CFC009DABB4 /* EventTableViewController.swift */ = {isa = PBXFileReference; lastKnownFileType = sourcecode.swift; path = EventTableViewController.swift; sourceTree = "<group>"; };
		427FEB4C23FB5AB900531D90 /* SafetyChecklistFile.swift */ = {isa = PBXFileReference; lastKnownFileType = sourcecode.swift; path = SafetyChecklistFile.swift; sourceTree = "<group>"; };
		42B2DFF923FDD0CC0021CBD8 /* ChecklistTableViewCell.swift */ = {isa = PBXFileReference; lastKnownFileType = sourcecode.swift; path = ChecklistTableViewCell.swift; sourceTree = "<group>"; };
		42B2DFFB23FE1BAB0021CBD8 /* ChecklistReportValues.swift */ = {isa = PBXFileReference; lastKnownFileType = sourcecode.swift; path = ChecklistReportValues.swift; sourceTree = "<group>"; };
		42B2E00023FE4F1C0021CBD8 /* UserInfoSettingsViewController.swift */ = {isa = PBXFileReference; lastKnownFileType = sourcecode.swift; path = UserInfoSettingsViewController.swift; sourceTree = "<group>"; };
		42E1EDE62405037F00A5E3EC /* Event.swift */ = {isa = PBXFileReference; lastKnownFileType = sourcecode.swift; path = Event.swift; sourceTree = "<group>"; };
		42E5937A240B4DB100A796DB /* CurrentEvents.swift */ = {isa = PBXFileReference; lastKnownFileType = sourcecode.swift; path = CurrentEvents.swift; sourceTree = "<group>"; };
		42E5937C240B91D400A796DB /* LocalNotificationManager.swift */ = {isa = PBXFileReference; lastKnownFileType = sourcecode.swift; path = LocalNotificationManager.swift; sourceTree = "<group>"; };
		42FD8AF123FEED3D004DF553 /* AccountSettingsViewController.swift */ = {isa = PBXFileReference; lastKnownFileType = sourcecode.swift; path = AccountSettingsViewController.swift; sourceTree = "<group>"; };
		7138E499686795BDB1FD3FE0 /* Pods_ATASafety.framework */ = {isa = PBXFileReference; explicitFileType = wrapper.framework; includeInIndex = 0; path = Pods_ATASafety.framework; sourceTree = BUILT_PRODUCTS_DIR; };
		A1D182DD0638F35236E83DB0 /* libPods-ATASafety.a */ = {isa = PBXFileReference; explicitFileType = archive.ar; includeInIndex = 0; path = "libPods-ATASafety.a"; sourceTree = BUILT_PRODUCTS_DIR; };
		BF225B70A11587840ECBF0DB /* Pods-ATASafety.debug.xcconfig */ = {isa = PBXFileReference; includeInIndex = 1; lastKnownFileType = text.xcconfig; name = "Pods-ATASafety.debug.xcconfig"; path = "Target Support Files/Pods-ATASafety/Pods-ATASafety.debug.xcconfig"; sourceTree = "<group>"; };
/* End PBXFileReference section */

/* Begin PBXFrameworksBuildPhase section */
		422D238E23FB0E79007339C9 /* Frameworks */ = {
			isa = PBXFrameworksBuildPhase;
			buildActionMask = 2147483647;
			files = (
				EB57CA653B859CFA13EF17F7 /* libPods-ATASafety.a in Frameworks */,
			);
			runOnlyForDeploymentPostprocessing = 0;
		};
/* End PBXFrameworksBuildPhase section */

/* Begin PBXGroup section */
		422D238823FB0E79007339C9 = {
			isa = PBXGroup;
			children = (
				422D239323FB0E79007339C9 /* ATASafety */,
				422D239223FB0E79007339C9 /* Products */,
				4FF7F24339A30996FFD09D68 /* Pods */,
				F30506175CF98356082C3655 /* Frameworks */,
				42E37F43241158960044A2EA /* Recovered References */,
			);
			sourceTree = "<group>";
		};
		422D239223FB0E79007339C9 /* Products */ = {
			isa = PBXGroup;
			children = (
				422D239123FB0E79007339C9 /* ATASafety.app */,
			);
			name = Products;
			sourceTree = "<group>";
		};
		422D239323FB0E79007339C9 /* ATASafety */ = {
			isa = PBXGroup;
			children = (
				4260CD10240C671E0095CDE4 /* SlackConnect.swift */,
				426D4A75240460FD009DABB4 /* KeysSettings.swift */,
				426D4A8024046CEB009DABB4 /* Event */,
				42B2DFFF23FE4F000021CBD8 /* Settings */,
				422D23AD23FB4B18007339C9 /* Checklist */,
				422D239423FB0E79007339C9 /* AppDelegate.swift */,
				42E5937C240B91D400A796DB /* LocalNotificationManager.swift */,
				422D239623FB0E79007339C9 /* SceneDelegate.swift */,
				422D239823FB0E79007339C9 /* ViewController.swift */,
				422D239A23FB0E79007339C9 /* Main.storyboard */,
				422D23A023FB0E7A007339C9 /* Assets.xcassets */,
				422D23A223FB0E7A007339C9 /* LaunchScreen.storyboard */,
				422D23A523FB0E7A007339C9 /* Info.plist */,
				422D239D23FB0E79007339C9 /* ATASafety.xcdatamodeld */,
				4240F0CF240DA6B70019C781 /* GoogleService-Info.plist */,
			);
			path = ATASafety;
			sourceTree = "<group>";
		};
		422D23AD23FB4B18007339C9 /* Checklist */ = {
			isa = PBXGroup;
			children = (
				422D23AB23FB4B14007339C9 /* ChecklistTableViewController.swift */,
				42B2DFF923FDD0CC0021CBD8 /* ChecklistTableViewCell.swift */,
				426653D623FC981D00CA6522 /* ChecklistSubmitViewController.swift */,
				42B2DFFB23FE1BAB0021CBD8 /* ChecklistReportValues.swift */,
				427FEB4C23FB5AB900531D90 /* SafetyChecklistFile.swift */,
				426653D423FC944E00CA6522 /* checklist.swift */,
			);
			path = Checklist;
			sourceTree = "<group>";
		};
		426D4A8024046CEB009DABB4 /* Event */ = {
			isa = PBXGroup;
			children = (
				426D4A8124046CFC009DABB4 /* EventTableViewController.swift */,
				422B6B23240870320099D6EF /* EventViewController.swift */,
				42E1EDE62405037F00A5E3EC /* Event.swift */,
				42E5937A240B4DB100A796DB /* CurrentEvents.swift */,
			);
			path = Event;
			sourceTree = "<group>";
		};
		42B2DFFF23FE4F000021CBD8 /* Settings */ = {
			isa = PBXGroup;
			children = (
				4260A7712406CB600078472A /* AboutPageViewController.swift */,
				42B2E00023FE4F1C0021CBD8 /* UserInfoSettingsViewController.swift */,
				42FD8AF123FEED3D004DF553 /* AccountSettingsViewController.swift */,
			);
			path = Settings;
			sourceTree = "<group>";
		};
		42E37F43241158960044A2EA /* Recovered References */ = {
			isa = PBXGroup;
			children = (
				7138E499686795BDB1FD3FE0 /* Pods_ATASafety.framework */,
			);
			name = "Recovered References";
			sourceTree = "<group>";
		};
		4FF7F24339A30996FFD09D68 /* Pods */ = {
			isa = PBXGroup;
			children = (
				BF225B70A11587840ECBF0DB /* Pods-ATASafety.debug.xcconfig */,
				075A57A53C9FDC48DF088EA0 /* Pods-ATASafety.release.xcconfig */,
			);
			path = Pods;
			sourceTree = "<group>";
		};
		F30506175CF98356082C3655 /* Frameworks */ = {
			isa = PBXGroup;
			children = (
				A1D182DD0638F35236E83DB0 /* libPods-ATASafety.a */,
			);
			name = Frameworks;
			sourceTree = "<group>";
		};
/* End PBXGroup section */

/* Begin PBXNativeTarget section */
		422D239023FB0E79007339C9 /* ATASafety */ = {
			isa = PBXNativeTarget;
			buildConfigurationList = 422D23A823FB0E7A007339C9 /* Build configuration list for PBXNativeTarget "ATASafety" */;
			buildPhases = (
				41F609DFB09D77F4173274CB /* [CP] Check Pods Manifest.lock */,
				422D238D23FB0E79007339C9 /* Sources */,
				422D238E23FB0E79007339C9 /* Frameworks */,
				422D238F23FB0E79007339C9 /* Resources */,
			);
			buildRules = (
			);
			dependencies = (
			);
			name = ATASafety;
			productName = ATASafety;
			productReference = 422D239123FB0E79007339C9 /* ATASafety.app */;
			productType = "com.apple.product-type.application";
		};
/* End PBXNativeTarget section */

/* Begin PBXProject section */
		422D238923FB0E79007339C9 /* Project object */ = {
			isa = PBXProject;
			attributes = {
				LastSwiftUpdateCheck = 1130;
				LastUpgradeCheck = 1130;
				ORGANIZATIONNAME = "Matthew Naruzny";
				TargetAttributes = {
					422D239023FB0E79007339C9 = {
						CreatedOnToolsVersion = 11.3.1;
					};
				};
			};
			buildConfigurationList = 422D238C23FB0E79007339C9 /* Build configuration list for PBXProject "ATASafety" */;
			compatibilityVersion = "Xcode 9.3";
			developmentRegion = en;
			hasScannedForEncodings = 0;
			knownRegions = (
				en,
				Base,
			);
			mainGroup = 422D238823FB0E79007339C9;
			productRefGroup = 422D239223FB0E79007339C9 /* Products */;
			projectDirPath = "";
			projectRoot = "";
			targets = (
				422D239023FB0E79007339C9 /* ATASafety */,
			);
		};
/* End PBXProject section */

/* Begin PBXResourcesBuildPhase section */
		422D238F23FB0E79007339C9 /* Resources */ = {
			isa = PBXResourcesBuildPhase;
			buildActionMask = 2147483647;
			files = (
				422D23A423FB0E7A007339C9 /* LaunchScreen.storyboard in Resources */,
				4240F0D0240DA6B70019C781 /* GoogleService-Info.plist in Resources */,
				422D23A123FB0E7A007339C9 /* Assets.xcassets in Resources */,
				422D239C23FB0E79007339C9 /* Main.storyboard in Resources */,
			);
			runOnlyForDeploymentPostprocessing = 0;
		};
/* End PBXResourcesBuildPhase section */

/* Begin PBXShellScriptBuildPhase section */
		41F609DFB09D77F4173274CB /* [CP] Check Pods Manifest.lock */ = {
			isa = PBXShellScriptBuildPhase;
			buildActionMask = 2147483647;
			files = (
			);
			inputFileListPaths = (
			);
			inputPaths = (
				"${PODS_PODFILE_DIR_PATH}/Podfile.lock",
				"${PODS_ROOT}/Manifest.lock",
			);
			name = "[CP] Check Pods Manifest.lock";
			outputFileListPaths = (
			);
			outputPaths = (
				"$(DERIVED_FILE_DIR)/Pods-ATASafety-checkManifestLockResult.txt",
			);
			runOnlyForDeploymentPostprocessing = 0;
			shellPath = /bin/sh;
			shellScript = "diff \"${PODS_PODFILE_DIR_PATH}/Podfile.lock\" \"${PODS_ROOT}/Manifest.lock\" > /dev/null\nif [ $? != 0 ] ; then\n    # print error to STDERR\n    echo \"error: The sandbox is not in sync with the Podfile.lock. Run 'pod install' or update your CocoaPods installation.\" >&2\n    exit 1\nfi\n# This output is used by Xcode 'outputs' to avoid re-running this script phase.\necho \"SUCCESS\" > \"${SCRIPT_OUTPUT_FILE_0}\"\n";
			showEnvVarsInLog = 0;
		};
/* End PBXShellScriptBuildPhase section */

/* Begin PBXSourcesBuildPhase section */
		422D238D23FB0E79007339C9 /* Sources */ = {
			isa = PBXSourcesBuildPhase;
			buildActionMask = 2147483647;
			files = (
				42B2DFFC23FE1BAB0021CBD8 /* ChecklistReportValues.swift in Sources */,
				42E5937D240B91D400A796DB /* LocalNotificationManager.swift in Sources */,
				422D239F23FB0E79007339C9 /* ATASafety.xcdatamodeld in Sources */,
				422D239923FB0E79007339C9 /* ViewController.swift in Sources */,
				422B6B24240870320099D6EF /* EventViewController.swift in Sources */,
				427FEB4D23FB5AB900531D90 /* SafetyChecklistFile.swift in Sources */,
				426D4A8224046CFC009DABB4 /* EventTableViewController.swift in Sources */,
				4260A7722406CB600078472A /* AboutPageViewController.swift in Sources */,
				426D4A76240460FD009DABB4 /* KeysSettings.swift in Sources */,
				42E5937B240B4DB100A796DB /* CurrentEvents.swift in Sources */,
				422D239523FB0E79007339C9 /* AppDelegate.swift in Sources */,
				426653D523FC944E00CA6522 /* checklist.swift in Sources */,
				422D239723FB0E79007339C9 /* SceneDelegate.swift in Sources */,
				4260CD11240C671E0095CDE4 /* SlackConnect.swift in Sources */,
				426653D723FC981D00CA6522 /* ChecklistSubmitViewController.swift in Sources */,
				42B2DFFA23FDD0CC0021CBD8 /* ChecklistTableViewCell.swift in Sources */,
				42B2E00123FE4F1C0021CBD8 /* UserInfoSettingsViewController.swift in Sources */,
				42E1EDE72405037F00A5E3EC /* Event.swift in Sources */,
				422D23AC23FB4B14007339C9 /* ChecklistTableViewController.swift in Sources */,
				42FD8AF223FEED3D004DF553 /* AccountSettingsViewController.swift in Sources */,
			);
			runOnlyForDeploymentPostprocessing = 0;
		};
/* End PBXSourcesBuildPhase section */

/* Begin PBXVariantGroup section */
		422D239A23FB0E79007339C9 /* Main.storyboard */ = {
			isa = PBXVariantGroup;
			children = (
				422D239B23FB0E79007339C9 /* Base */,
			);
			name = Main.storyboard;
			sourceTree = "<group>";
		};
		422D23A223FB0E7A007339C9 /* LaunchScreen.storyboard */ = {
			isa = PBXVariantGroup;
			children = (
				422D23A323FB0E7A007339C9 /* Base */,
			);
			name = LaunchScreen.storyboard;
			sourceTree = "<group>";
		};
/* End PBXVariantGroup section */

/* Begin XCBuildConfiguration section */
		422D23A623FB0E7A007339C9 /* Debug */ = {
			isa = XCBuildConfiguration;
			buildSettings = {
				ALWAYS_SEARCH_USER_PATHS = NO;
				CLANG_ANALYZER_NONNULL = YES;
				CLANG_ANALYZER_NUMBER_OBJECT_CONVERSION = YES_AGGRESSIVE;
				CLANG_CXX_LANGUAGE_STANDARD = "gnu++14";
				CLANG_CXX_LIBRARY = "libc++";
				CLANG_ENABLE_MODULES = YES;
				CLANG_ENABLE_OBJC_ARC = YES;
				CLANG_ENABLE_OBJC_WEAK = YES;
				CLANG_WARN_BLOCK_CAPTURE_AUTORELEASING = YES;
				CLANG_WARN_BOOL_CONVERSION = YES;
				CLANG_WARN_COMMA = YES;
				CLANG_WARN_CONSTANT_CONVERSION = YES;
				CLANG_WARN_DEPRECATED_OBJC_IMPLEMENTATIONS = YES;
				CLANG_WARN_DIRECT_OBJC_ISA_USAGE = YES_ERROR;
				CLANG_WARN_DOCUMENTATION_COMMENTS = YES;
				CLANG_WARN_EMPTY_BODY = YES;
				CLANG_WARN_ENUM_CONVERSION = YES;
				CLANG_WARN_INFINITE_RECURSION = YES;
				CLANG_WARN_INT_CONVERSION = YES;
				CLANG_WARN_NON_LITERAL_NULL_CONVERSION = YES;
				CLANG_WARN_OBJC_IMPLICIT_RETAIN_SELF = YES;
				CLANG_WARN_OBJC_LITERAL_CONVERSION = YES;
				CLANG_WARN_OBJC_ROOT_CLASS = YES_ERROR;
				CLANG_WARN_RANGE_LOOP_ANALYSIS = YES;
				CLANG_WARN_STRICT_PROTOTYPES = YES;
				CLANG_WARN_SUSPICIOUS_MOVE = YES;
				CLANG_WARN_UNGUARDED_AVAILABILITY = YES_AGGRESSIVE;
				CLANG_WARN_UNREACHABLE_CODE = YES;
				CLANG_WARN__DUPLICATE_METHOD_MATCH = YES;
				COPY_PHASE_STRIP = NO;
				DEBUG_INFORMATION_FORMAT = dwarf;
				ENABLE_STRICT_OBJC_MSGSEND = YES;
				ENABLE_TESTABILITY = YES;
				GCC_C_LANGUAGE_STANDARD = gnu11;
				GCC_DYNAMIC_NO_PIC = NO;
				GCC_NO_COMMON_BLOCKS = YES;
				GCC_OPTIMIZATION_LEVEL = 0;
				GCC_PREPROCESSOR_DEFINITIONS = (
					"DEBUG=1",
					"$(inherited)",
				);
				GCC_WARN_64_TO_32_BIT_CONVERSION = YES;
				GCC_WARN_ABOUT_RETURN_TYPE = YES_ERROR;
				GCC_WARN_UNDECLARED_SELECTOR = YES;
				GCC_WARN_UNINITIALIZED_AUTOS = YES_AGGRESSIVE;
				GCC_WARN_UNUSED_FUNCTION = YES;
				GCC_WARN_UNUSED_VARIABLE = YES;
				IPHONEOS_DEPLOYMENT_TARGET = 13.2;
				MTL_ENABLE_DEBUG_INFO = INCLUDE_SOURCE;
				MTL_FAST_MATH = YES;
				ONLY_ACTIVE_ARCH = YES;
				SDKROOT = iphoneos;
				SWIFT_ACTIVE_COMPILATION_CONDITIONS = DEBUG;
				SWIFT_OPTIMIZATION_LEVEL = "-Onone";
			};
			name = Debug;
		};
		422D23A723FB0E7A007339C9 /* Release */ = {
			isa = XCBuildConfiguration;
			buildSettings = {
				ALWAYS_SEARCH_USER_PATHS = NO;
				CLANG_ANALYZER_NONNULL = YES;
				CLANG_ANALYZER_NUMBER_OBJECT_CONVERSION = YES_AGGRESSIVE;
				CLANG_CXX_LANGUAGE_STANDARD = "gnu++14";
				CLANG_CXX_LIBRARY = "libc++";
				CLANG_ENABLE_MODULES = YES;
				CLANG_ENABLE_OBJC_ARC = YES;
				CLANG_ENABLE_OBJC_WEAK = YES;
				CLANG_WARN_BLOCK_CAPTURE_AUTORELEASING = YES;
				CLANG_WARN_BOOL_CONVERSION = YES;
				CLANG_WARN_COMMA = YES;
				CLANG_WARN_CONSTANT_CONVERSION = YES;
				CLANG_WARN_DEPRECATED_OBJC_IMPLEMENTATIONS = YES;
				CLANG_WARN_DIRECT_OBJC_ISA_USAGE = YES_ERROR;
				CLANG_WARN_DOCUMENTATION_COMMENTS = YES;
				CLANG_WARN_EMPTY_BODY = YES;
				CLANG_WARN_ENUM_CONVERSION = YES;
				CLANG_WARN_INFINITE_RECURSION = YES;
				CLANG_WARN_INT_CONVERSION = YES;
				CLANG_WARN_NON_LITERAL_NULL_CONVERSION = YES;
				CLANG_WARN_OBJC_IMPLICIT_RETAIN_SELF = YES;
				CLANG_WARN_OBJC_LITERAL_CONVERSION = YES;
				CLANG_WARN_OBJC_ROOT_CLASS = YES_ERROR;
				CLANG_WARN_RANGE_LOOP_ANALYSIS = YES;
				CLANG_WARN_STRICT_PROTOTYPES = YES;
				CLANG_WARN_SUSPICIOUS_MOVE = YES;
				CLANG_WARN_UNGUARDED_AVAILABILITY = YES_AGGRESSIVE;
				CLANG_WARN_UNREACHABLE_CODE = YES;
				CLANG_WARN__DUPLICATE_METHOD_MATCH = YES;
				COPY_PHASE_STRIP = NO;
				DEBUG_INFORMATION_FORMAT = "dwarf-with-dsym";
				ENABLE_NS_ASSERTIONS = NO;
				ENABLE_STRICT_OBJC_MSGSEND = YES;
				GCC_C_LANGUAGE_STANDARD = gnu11;
				GCC_NO_COMMON_BLOCKS = YES;
				GCC_WARN_64_TO_32_BIT_CONVERSION = YES;
				GCC_WARN_ABOUT_RETURN_TYPE = YES_ERROR;
				GCC_WARN_UNDECLARED_SELECTOR = YES;
				GCC_WARN_UNINITIALIZED_AUTOS = YES_AGGRESSIVE;
				GCC_WARN_UNUSED_FUNCTION = YES;
				GCC_WARN_UNUSED_VARIABLE = YES;
				IPHONEOS_DEPLOYMENT_TARGET = 13.2;
				MTL_ENABLE_DEBUG_INFO = NO;
				MTL_FAST_MATH = YES;
				SDKROOT = iphoneos;
				SWIFT_COMPILATION_MODE = wholemodule;
				SWIFT_OPTIMIZATION_LEVEL = "-O";
				VALIDATE_PRODUCT = YES;
			};
			name = Release;
		};
		422D23A923FB0E7A007339C9 /* Debug */ = {
			isa = XCBuildConfiguration;
			baseConfigurationReference = BF225B70A11587840ECBF0DB /* Pods-ATASafety.debug.xcconfig */;
			buildSettings = {
				ASSETCATALOG_COMPILER_APPICON_NAME = AppIcon;
				CODE_SIGN_IDENTITY = "Apple Development";
				CODE_SIGN_STYLE = Automatic;
				CURRENT_PROJECT_VERSION = 2;
				DEVELOPMENT_TEAM = N7723GL37V;
				INFOPLIST_FILE = ATASafety/Info.plist;
				IPHONEOS_DEPLOYMENT_TARGET = 13.2;
				LD_RUNPATH_SEARCH_PATHS = (
					"$(inherited)",
					"@executable_path/Frameworks",
				);
				PRODUCT_BUNDLE_IDENTIFIER = com.upnorthdevelopers.ATASafety;
				PRODUCT_NAME = "$(TARGET_NAME)";
				PROVISIONING_PROFILE_SPECIFIER = "";
				SWIFT_VERSION = 5.0;
				TARGETED_DEVICE_FAMILY = "1,2";
			};
			name = Debug;
		};
		422D23AA23FB0E7A007339C9 /* Release */ = {
			isa = XCBuildConfiguration;
			baseConfigurationReference = 075A57A53C9FDC48DF088EA0 /* Pods-ATASafety.release.xcconfig */;
			buildSettings = {
				ASSETCATALOG_COMPILER_APPICON_NAME = AppIcon;
				CODE_SIGN_IDENTITY = "Apple Development";
				CODE_SIGN_STYLE = Automatic;
				CURRENT_PROJECT_VERSION = 2;
				DEVELOPMENT_TEAM = N7723GL37V;
				INFOPLIST_FILE = ATASafety/Info.plist;
				IPHONEOS_DEPLOYMENT_TARGET = 13.2;
				LD_RUNPATH_SEARCH_PATHS = (
					"$(inherited)",
					"@executable_path/Frameworks",
				);
				PRODUCT_BUNDLE_IDENTIFIER = com.upnorthdevelopers.ATASafety;
				PRODUCT_NAME = "$(TARGET_NAME)";
				PROVISIONING_PROFILE_SPECIFIER = "";
				SWIFT_VERSION = 5.0;
				TARGETED_DEVICE_FAMILY = "1,2";
			};
			name = Release;
		};
/* End XCBuildConfiguration section */

/* Begin XCConfigurationList section */
		422D238C23FB0E79007339C9 /* Build configuration list for PBXProject "ATASafety" */ = {
			isa = XCConfigurationList;
			buildConfigurations = (
				422D23A623FB0E7A007339C9 /* Debug */,
				422D23A723FB0E7A007339C9 /* Release */,
			);
			defaultConfigurationIsVisible = 0;
			defaultConfigurationName = Release;
		};
		422D23A823FB0E7A007339C9 /* Build configuration list for PBXNativeTarget "ATASafety" */ = {
			isa = XCConfigurationList;
			buildConfigurations = (
				422D23A923FB0E7A007339C9 /* Debug */,
				422D23AA23FB0E7A007339C9 /* Release */,
			);
			defaultConfigurationIsVisible = 0;
			defaultConfigurationName = Release;
		};
/* End XCConfigurationList section */

/* Begin XCVersionGroup section */
		422D239D23FB0E79007339C9 /* ATASafety.xcdatamodeld */ = {
			isa = XCVersionGroup;
			children = (
				422D239E23FB0E79007339C9 /* ATASafety.xcdatamodel */,
			);
			currentVersion = 422D239E23FB0E79007339C9 /* ATASafety.xcdatamodel */;
			path = ATASafety.xcdatamodeld;
			sourceTree = "<group>";
			versionGroupType = wrapper.xcdatamodel;
		};
/* End XCVersionGroup section */
	};
	rootObject = 422D238923FB0E79007339C9 /* Project object */;
}
